
Microsoft Visual Studio Solution File, Format Version 12.00
# Visual Studio 15
VisualStudioVersion = 15.0.28307.1062
MinimumVisualStudioVersion = 10.0.40219.1
Project("{FAE04EC0-301F-11D3-BF4B-00C04F79EFBC}") = "P2Z1", "P2Z1\P2Z1.csproj", "{BA3B6DBB-22A9-4E12-AA2A-04FA4992BE1F}"
EndProject
Global
	GlobalSection(SolutionConfigurationPlatforms) = preSolution
		Debug|Any CPU = Debug|Any CPU
		Release|Any CPU = Release|Any CPU
	EndGlobalSection
	GlobalSection(ProjectConfigurationPlatforms) = postSolution
		{BA3B6DBB-22A9-4E12-AA2A-04FA4992BE1F}.Debug|Any CPU.ActiveCfg = Debug|Any CPU
		{BA3B6DBB-22A9-4E12-AA2A-04FA4992BE1F}.Debug|Any CPU.Build.0 = Debug|Any CPU
		{BA3B6DBB-22A9-4E12-AA2A-04FA4992BE1F}.Release|Any CPU.ActiveCfg = Release|Any CPU
		{BA3B6DBB-22A9-4E12-AA2A-04FA4992BE1F}.Release|Any CPU.Build.0 = Release|Any CPU
	EndGlobalSection
	GlobalSection(SolutionProperties) = preSolution
		HideSolutionNode = FALSE
	EndGlobalSection
	GlobalSection(ExtensibilityGlobals) = postSolution
		SolutionGuid = {89F231B0-5B17-4514-9498-E0B5852F4C1E}
	EndGlobalSection
EndGlobal
